# This file is automatically @generated by Poetry 2.1.1 and should not be changed by hand.

[[package]]
name = "mypy"
version = "1.16.1"
description = "Optional static typing for Python"
optional = false
python-versions = ">=3.9"
groups = ["main"]
files = [
    {file = "mypy-1.16.1-cp310-cp310-macosx_10_9_x86_64.whl", hash = "sha256:b4f0fed1022a63c6fec38f28b7fc77fca47fd490445c69d0a66266c59dd0b88a"},
    {file = "mypy-1.16.1-cp310-cp310-macosx_11_0_arm64.whl", hash = "sha256:86042bbf9f5a05ea000d3203cf87aa9d0ccf9a01f73f71c58979eb9249f46d72"},
    {file = "mypy-1.16.1-cp310-cp310-manylinux_2_17_aarch64.manylinux2014_aarch64.manylinux_2_28_aarch64.whl", hash = "sha256:ea7469ee5902c95542bea7ee545f7006508c65c8c54b06dc2c92676ce526f3ea"},
    {file = "mypy-1.16.1-cp310-cp310-manylinux_2_17_x86_64.manylinux2014_x86_64.manylinux_2_28_x86_64.whl", hash = "sha256:352025753ef6a83cb9e7f2427319bb7875d1fdda8439d1e23de12ab164179574"},
    {file = "mypy-1.16.1-cp310-cp310-musllinux_1_2_x86_64.whl", hash = "sha256:ff9fa5b16e4c1364eb89a4d16bcda9987f05d39604e1e6c35378a2987c1aac2d"},
    {file = "mypy-1.16.1-cp310-cp310-win_amd64.whl", hash = "sha256:1256688e284632382f8f3b9e2123df7d279f603c561f099758e66dd6ed4e8bd6"},
    {file = "mypy-1.16.1-cp311-cp311-macosx_10_9_x86_64.whl", hash = "sha256:472e4e4c100062488ec643f6162dd0d5208e33e2f34544e1fc931372e806c0cc"},
    {file = "mypy-1.16.1-cp311-cp311-macosx_11_0_arm64.whl", hash = "sha256:ea16e2a7d2714277e349e24d19a782a663a34ed60864006e8585db08f8ad1782"},
    {file = "mypy-1.16.1-cp311-cp311-manylinux_2_17_aarch64.manylinux2014_aarch64.manylinux_2_28_aarch64.whl", hash = "sha256:08e850ea22adc4d8a4014651575567b0318ede51e8e9fe7a68f25391af699507"},
    {file = "mypy-1.16.1-cp311-cp311-manylinux_2_17_x86_64.manylinux2014_x86_64.manylinux_2_28_x86_64.whl", hash = "sha256:22d76a63a42619bfb90122889b903519149879ddbf2ba4251834727944c8baca"},
    {file = "mypy-1.16.1-cp311-cp311-musllinux_1_2_x86_64.whl", hash = "sha256:2c7ce0662b6b9dc8f4ed86eb7a5d505ee3298c04b40ec13b30e572c0e5ae17c4"},
    {file = "mypy-1.16.1-cp311-cp311-win_amd64.whl", hash = "sha256:211287e98e05352a2e1d4e8759c5490925a7c784ddc84207f4714822f8cf99b6"},
    {file = "mypy-1.16.1-cp312-cp312-macosx_10_13_x86_64.whl", hash = "sha256:af4792433f09575d9eeca5c63d7d90ca4aeceda9d8355e136f80f8967639183d"},
    {file = "mypy-1.16.1-cp312-cp312-macosx_11_0_arm64.whl", hash = "sha256:66df38405fd8466ce3517eda1f6640611a0b8e70895e2a9462d1d4323c5eb4b9"},
    {file = "mypy-1.16.1-cp312-cp312-manylinux_2_17_aarch64.manylinux2014_aarch64.manylinux_2_28_aarch64.whl", hash = "sha256:44e7acddb3c48bd2713994d098729494117803616e116032af192871aed80b79"},
    {file = "mypy-1.16.1-cp312-cp312-manylinux_2_17_x86_64.manylinux2014_x86_64.manylinux_2_28_x86_64.whl", hash = "sha256:0ab5eca37b50188163fa7c1b73c685ac66c4e9bdee4a85c9adac0e91d8895e15"},
    {file = "mypy-1.16.1-cp312-cp312-musllinux_1_2_x86_64.whl", hash = "sha256:dedb6229b2c9086247e21a83c309754b9058b438704ad2f6807f0d8227f6ebdd"},
    {file = "mypy-1.16.1-cp312-cp312-win_amd64.whl", hash = "sha256:1f0435cf920e287ff68af3d10a118a73f212deb2ce087619eb4e648116d1fe9b"},
    {file = "mypy-1.16.1-cp313-cp313-macosx_10_13_x86_64.whl", hash = "sha256:ddc91eb318c8751c69ddb200a5937f1232ee8efb4e64e9f4bc475a33719de438"},
    {file = "mypy-1.16.1-cp313-cp313-macosx_11_0_arm64.whl", hash = "sha256:87ff2c13d58bdc4bbe7dc0dedfe622c0f04e2cb2a492269f3b418df2de05c536"},
    {file = "mypy-1.16.1-cp313-cp313-manylinux_2_17_aarch64.manylinux2014_aarch64.manylinux_2_28_aarch64.whl", hash = "sha256:0a7cfb0fe29fe5a9841b7c8ee6dffb52382c45acdf68f032145b75620acfbd6f"},
    {file = "mypy-1.16.1-cp313-cp313-manylinux_2_17_x86_64.manylinux2014_x86_64.manylinux_2_28_x86_64.whl", hash = "sha256:051e1677689c9d9578b9c7f4d206d763f9bbd95723cd1416fad50db49d52f359"},
    {file = "mypy-1.16.1-cp313-cp313-musllinux_1_2_x86_64.whl", hash = "sha256:d5d2309511cc56c021b4b4e462907c2b12f669b2dbeb68300110ec27723971be"},
    {file = "mypy-1.16.1-cp313-cp313-win_amd64.whl", hash = "sha256:4f58ac32771341e38a853c5d0ec0dfe27e18e27da9cdb8bbc882d2249c71a3ee"},
    {file = "mypy-1.16.1-cp39-cp39-macosx_10_9_x86_64.whl", hash = "sha256:7fc688329af6a287567f45cc1cefb9db662defeb14625213a5b7da6e692e2069"},
    {file = "mypy-1.16.1-cp39-cp39-macosx_11_0_arm64.whl", hash = "sha256:5e198ab3f55924c03ead626ff424cad1732d0d391478dfbf7bb97b34602395da"},
    {file = "mypy-1.16.1-cp39-cp39-manylinux_2_17_aarch64.manylinux2014_aarch64.manylinux_2_28_aarch64.whl", hash = "sha256:09aa4f91ada245f0a45dbc47e548fd94e0dd5a8433e0114917dc3b526912a30c"},
    {file = "mypy-1.16.1-cp39-cp39-manylinux_2_17_x86_64.manylinux2014_x86_64.manylinux_2_28_x86_64.whl", hash = "sha256:13c7cd5b1cb2909aa318a90fd1b7e31f17c50b242953e7dd58345b2a814f6383"},
    {file = "mypy-1.16.1-cp39-cp39-musllinux_1_2_x86_64.whl", hash = "sha256:58e07fb958bc5d752a280da0e890c538f1515b79a65757bbdc54252ba82e0b40"},
    {file = "mypy-1.16.1-cp39-cp39-win_amd64.whl", hash = "sha256:f895078594d918f93337a505f8add9bd654d1a24962b4c6ed9390e12531eb31b"},
    {file = "mypy-1.16.1-py3-none-any.whl", hash = "sha256:5fc2ac4027d0ef28d6ba69a0343737a23c4d1b83672bf38d1fe237bdc0643b37"},
    {file = "mypy-1.16.1.tar.gz", hash = "sha256:6bd00a0a2094841c5e47e7374bb42b83d64c527a502e3334e1173a0c24437bab"},
]

[package.dependencies]
mypy_extensions = ">=1.0.0"
pathspec = ">=0.9.0"
typing_extensions = ">=4.6.0"

[package.extras]
dmypy = ["psutil (>=4.0)"]
faster-cache = ["orjson"]
install-types = ["pip"]
mypyc = ["setuptools (>=50)"]
reports = ["lxml"]

[[package]]
name = "mypy-extensions"
version = "1.1.0"
description = "Type system extensions for programs checked with the mypy type checker."
optional = false
python-versions = ">=3.8"
groups = ["main"]
files = [
    {file = "mypy_extensions-1.1.0-py3-none-any.whl", hash = "sha256:1be4cccdb0f2482337c4743e60421de3a356cd97508abadd57d47403e94f5505"},
    {file = "mypy_extensions-1.1.0.tar.gz", hash = "sha256:52e68efc3284861e772bbcd66823fde5ae21fd2fdb51c62a211403730b916558"},
]

[[package]]
name = "pathspec"
version = "0.12.1"
description = "Utility library for gitignore style pattern matching of file paths."
optional = false
python-versions = ">=3.8"
groups = ["main"]
files = [
    {file = "pathspec-0.12.1-py3-none-any.whl", hash = "sha256:a0d503e138a4c123b27490a4f7beda6a01c6f288df0e4a8b79c7eb0dc7b4cc08"},
    {file = "pathspec-0.12.1.tar.gz", hash = "sha256:a482d51503a1ab33b1c67a6c3813a26953dbdc71c31dacaef9a838c4e29f5712"},
]

[[package]]
name = "pygame"
version = "2.6.1"
description = "Python Game Development"
optional = false
python-versions = ">=3.6"
groups = ["main"]
files = [
    {file = "pygame-2.6.1-cp310-cp310-macosx_10_9_x86_64.whl", hash = "sha256:9beeb647e555afb5657111fa83acb74b99ad88761108eaea66472e8b8547b55b"},
    {file = "pygame-2.6.1-cp310-cp310-macosx_11_0_arm64.whl", hash = "sha256:10e3d2a55f001f6c0a6eb44aa79ea7607091c9352b946692acedb2ac1482f1c9"},
    {file = "pygame-2.6.1-cp310-cp310-manylinux_2_17_aarch64.manylinux2014_aarch64.whl", hash = "sha256:816e85000c5d8b02a42b9834f761a5925ef3377d2924e3a7c4c143d2990ce5b8"},
    {file = "pygame-2.6.1-cp310-cp310-manylinux_2_17_i686.manylinux2014_i686.whl", hash = "sha256:8a78fd030d98faab4a8e27878536fdff7518d3e062a72761c552f624ebba5a5f"},
    {file = "pygame-2.6.1-cp310-cp310-manylinux_2_17_x86_64.manylinux2014_x86_64.whl", hash = "sha256:da3ad64d685f84a34ebe5daacb39fff14f1251acb34c098d760d63fee768f50c"},
    {file = "pygame-2.6.1-cp310-cp310-win32.whl", hash = "sha256:9dd5c054d4bd875a8caf978b82672f02bec332f52a833a76899220c460bb4b58"},
    {file = "pygame-2.6.1-cp310-cp310-win_amd64.whl", hash = "sha256:00827aba089355925902d533f9c41e79a799641f03746c50a374dc5c3362e43d"},
    {file = "pygame-2.6.1-cp311-cp311-macosx_10_9_x86_64.whl", hash = "sha256:20349195326a5e82a16e351ed93465a7845a7e2a9af55b7bc1b2110ea3e344e1"},
    {file = "pygame-2.6.1-cp311-cp311-macosx_11_0_arm64.whl", hash = "sha256:f3935459109da4bb0b3901da9904f0a3e52028a3332a355d298b1673a334cf21"},
    {file = "pygame-2.6.1-cp311-cp311-manylinux_2_17_aarch64.manylinux2014_aarch64.whl", hash = "sha256:c31dbdb5d0217f32764797d21c2752e258e5fb7e895326538d82b5f75a0cd856"},
    {file = "pygame-2.6.1-cp311-cp311-manylinux_2_17_i686.manylinux2014_i686.whl", hash = "sha256:173badf82fa198e6888017bea40f511cb28e69ecdd5a72b214e81e4dcd66c3b1"},
    {file = "pygame-2.6.1-cp311-cp311-manylinux_2_17_x86_64.manylinux2014_x86_64.whl", hash = "sha256:ce8cc108b92de9b149b344ad2e25eedbe773af0dc41dfb24d1f07f679b558c60"},
    {file = "pygame-2.6.1-cp311-cp311-win32.whl", hash = "sha256:811e7b925146d8149d79193652cbb83e0eca0aae66476b1cb310f0f4226b8b5c"},
    {file = "pygame-2.6.1-cp311-cp311-win_amd64.whl", hash = "sha256:91476902426facd4bb0dad4dc3b2573bc82c95c71b135e0daaea072ed528d299"},
    {file = "pygame-2.6.1-cp312-cp312-macosx_10_9_x86_64.whl", hash = "sha256:4ee7f2771f588c966fa2fa8b829be26698c9b4836f82ede5e4edc1a68594942e"},
    {file = "pygame-2.6.1-cp312-cp312-macosx_11_0_arm64.whl", hash = "sha256:c8040ea2ab18c6b255af706ec01355c8a6b08dc48d77fd4ee783f8fc46a843bf"},
    {file = "pygame-2.6.1-cp312-cp312-manylinux_2_17_aarch64.manylinux2014_aarch64.whl", hash = "sha256:c47a6938de93fa610accd4969e638c2aebcb29b2fca518a84c3a39d91ab47116"},
    {file = "pygame-2.6.1-cp312-cp312-manylinux_2_17_i686.manylinux2014_i686.whl", hash = "sha256:33006f784e1c7d7e466fcb61d5489da59cc5f7eb098712f792a225df1d4e229d"},
    {file = "pygame-2.6.1-cp312-cp312-manylinux_2_17_x86_64.manylinux2014_x86_64.whl", hash = "sha256:1206125f14cae22c44565c9d333607f1d9f59487b1f1432945dfc809aeaa3e88"},
    {file = "pygame-2.6.1-cp312-cp312-win32.whl", hash = "sha256:84fc4054e25262140d09d39e094f6880d730199710829902f0d8ceae0213379e"},
    {file = "pygame-2.6.1-cp312-cp312-win_amd64.whl", hash = "sha256:3a9e7396be0d9633831c3f8d5d82dd63ba373ad65599628294b7a4f8a5a01a65"},
    {file = "pygame-2.6.1-cp313-cp313-macosx_10_13_x86_64.whl", hash = "sha256:ae6039f3a55d800db80e8010f387557b528d34d534435e0871326804df2a62f2"},
    {file = "pygame-2.6.1-cp313-cp313-macosx_11_0_arm64.whl", hash = "sha256:2a3a1288e2e9b1e5834e425bedd5ba01a3cd4902b5c2bff8ed4a740ccfe98171"},
    {file = "pygame-2.6.1-cp313-cp313-manylinux_2_17_aarch64.manylinux2014_aarch64.whl", hash = "sha256:27eb17e3dc9640e4b4683074f1890e2e879827447770470c2aba9f125f74510b"},
    {file = "pygame-2.6.1-cp313-cp313-manylinux_2_17_i686.manylinux2014_i686.whl", hash = "sha256:4c1623180e70a03c4a734deb9bac50fc9c82942ae84a3a220779062128e75f3b"},
    {file = "pygame-2.6.1-cp313-cp313-manylinux_2_17_x86_64.manylinux2014_x86_64.whl", hash = "sha256:ef07c0103d79492c21fced9ad68c11c32efa6801ca1920ebfd0f15fb46c78b1c"},
    {file = "pygame-2.6.1-cp313-cp313-win32.whl", hash = "sha256:3acd8c009317190c2bfd81db681ecef47d5eb108c2151d09596d9c7ea9df5c0e"},
    {file = "pygame-2.6.1-cp313-cp313-win_amd64.whl", hash = "sha256:813af4fba5d0b2cb8e58f5d95f7910295c34067dcc290d34f1be59c48bd1ea6a"},
    {file = "pygame-2.6.1-cp36-cp36m-macosx_10_9_x86_64.whl", hash = "sha256:56ffca6059b165bbf64f4b4be23b8068f6a0e220780e4f96ec0bb5ac3c63ec39"},
    {file = "pygame-2.6.1-cp36-cp36m-manylinux_2_17_aarch64.manylinux2014_aarch64.whl", hash = "sha256:3bede70ec708057e305815d6546012669226d1d80566785feca9b044216062e7"},
    {file = "pygame-2.6.1-cp36-cp36m-manylinux_2_17_i686.manylinux2014_i686.whl", hash = "sha256:f84f15d146d6aa93254008a626c56ef96fed276006202881a47b29757f0cd65a"},
    {file = "pygame-2.6.1-cp36-cp36m-manylinux_2_17_x86_64.manylinux2014_x86_64.whl", hash = "sha256:14f9dda45469b254c0f15edaaeaa85d2cc072ff6a83584a265f5d684c7f7efd8"},
    {file = "pygame-2.6.1-cp36-cp36m-win32.whl", hash = "sha256:28b43190436037e428a5be28fc80cf6615304fd528009f2c688cc828f4ff104b"},
    {file = "pygame-2.6.1-cp36-cp36m-win_amd64.whl", hash = "sha256:a4b8f04fceddd9a3ac30778d11f0254f59efcd1c382d5801271113cea8b4f2f3"},
    {file = "pygame-2.6.1-cp37-cp37m-macosx_10_9_x86_64.whl", hash = "sha256:a620883d589926f157b8f1d1f543183ac52e5c30507dea445e3927ae0bee1c54"},
    {file = "pygame-2.6.1-cp37-cp37m-manylinux_2_17_aarch64.manylinux2014_aarch64.whl", hash = "sha256:b46e68cd168f44d0224c670bb72186688fc692d7079715f79d04096757d703d0"},
    {file = "pygame-2.6.1-cp37-cp37m-manylinux_2_17_i686.manylinux2014_i686.whl", hash = "sha256:c0b11356ac96261162d54a2c2b41a41978f00525631b01ec9c4fe26b01c66595"},
    {file = "pygame-2.6.1-cp37-cp37m-manylinux_2_17_x86_64.manylinux2014_x86_64.whl", hash = "sha256:325a84d072d52e3c2921eff02f87c6a74b7e77d71db3bdf53801c6c975f1b6c4"},
    {file = "pygame-2.6.1-cp37-cp37m-win32.whl", hash = "sha256:2a615d78b2364e86f541458ff41c2a46181b9a1e9eabd97b389282fdf04efbb3"},
    {file = "pygame-2.6.1-cp37-cp37m-win_amd64.whl", hash = "sha256:94afd1177680d92f9214c54966ad3517d18210c4fbc5d84a0192d218e93647e0"},
    {file = "pygame-2.6.1-cp38-cp38-macosx_10_9_x86_64.whl", hash = "sha256:97ac4e13847b6b293ecaffa5ffce9886c98d09c03309406931cc592f0cea6366"},
    {file = "pygame-2.6.1-cp38-cp38-macosx_11_0_arm64.whl", hash = "sha256:d1a7f2b66ac2e4c9583b6d4c6d6f346fb10a3392c04163f537061f86a448ed5c"},
    {file = "pygame-2.6.1-cp38-cp38-manylinux_2_17_aarch64.manylinux2014_aarch64.whl", hash = "sha256:ac3f033d2be4a9e23660a96afe2986df3a6916227538a6a0061bc218c5088507"},
    {file = "pygame-2.6.1-cp38-cp38-manylinux_2_17_i686.manylinux2014_i686.whl", hash = "sha256:a1bf7ab5311bbced70320f1a56701650b4c18231343ae5af42111eea91e0949a"},
    {file = "pygame-2.6.1-cp38-cp38-manylinux_2_17_x86_64.manylinux2014_x86_64.whl", hash = "sha256:21160d9093533eb831f1b708e630706e5ac16b30750571ec27bc3b8364814f38"},
    {file = "pygame-2.6.1-cp38-cp38-win32.whl", hash = "sha256:7bffdd3eaf394d9645331d1c3a5df9d782ebcc3c5a78f3b657c7879a828dd111"},
    {file = "pygame-2.6.1-cp38-cp38-win_amd64.whl", hash = "sha256:818b4eaec9c4acb6ac64805d4ca8edd4062bebca77bd815c18739fe2842c97e9"},
    {file = "pygame-2.6.1-cp39-cp39-macosx_10_9_x86_64.whl", hash = "sha256:15efaa11a80a65dd589a95bebe812fa5bfc7e14946b638a424c5bd9ac6cca1a4"},
    {file = "pygame-2.6.1-cp39-cp39-macosx_11_0_arm64.whl", hash = "sha256:481cfe1bdbb7fe00acc5950c494c26f00240888619bdc396fc8c39a734797432"},
    {file = "pygame-2.6.1-cp39-cp39-manylinux_2_17_aarch64.manylinux2014_aarch64.whl", hash = "sha256:5d09fd950725d187aa5207c0cb8eb9ab0d2f8ce9ab8d189c30eeb470e71b617e"},
    {file = "pygame-2.6.1-cp39-cp39-manylinux_2_17_i686.manylinux2014_i686.whl", hash = "sha256:163e66de169bd5670c86e27d0b74aad0d2d745e3b63cf4e7eb5b2bff1231ca8d"},
    {file = "pygame-2.6.1-cp39-cp39-manylinux_2_17_x86_64.manylinux2014_x86_64.whl", hash = "sha256:fb6e8d0547f30ddc845f4fd1e33070ef548233ad0dbf21f7ecea768883d1bbdc"},
    {file = "pygame-2.6.1-cp39-cp39-win32.whl", hash = "sha256:d29eb9a93f12aa3d997b6e3c447ac85b2a4b142ab2548441523a8fcf5e216042"},
    {file = "pygame-2.6.1-cp39-cp39-win_amd64.whl", hash = "sha256:6582aa71a681e02e55d43150a9ab41394e6bf4d783d2962a10aea58f424be060"},
    {file = "pygame-2.6.1-pp36-pypy36_pp73-win32.whl", hash = "sha256:4a8ea113b1bf627322a025a1a5a87e3818a7f55ab3a4077ff1ae5c8c60576614"},
    {file = "pygame-2.6.1-pp38-pypy38_pp73-macosx_10_9_x86_64.whl", hash = "sha256:b7f9f8e6f76de36f4725175d686601214af362a4f30614b4dae2240198e72e6f"},
    {file = "pygame-2.6.1-pp39-pypy39_pp73-macosx_10_15_x86_64.whl", hash = "sha256:bbb7167c92103a2091366e9af26d4914ba3776666e8677d3c93551353fffa626"},
    {file = "pygame-2.6.1-pp39-pypy39_pp73-manylinux_2_17_i686.manylinux2014_i686.whl", hash = "sha256:17498a2b043bc0e795faedef1b081199c688890200aef34991c1941caa2d2c89"},
    {file = "pygame-2.6.1-pp39-pypy39_pp73-manylinux_2_17_x86_64.manylinux2014_x86_64.whl", hash = "sha256:7103c60939bbc1e05cfc7ba3f1d2ad3bbf103b7828b82a7166a9ab6f51950146"},
    {file = "pygame-2.6.1.tar.gz", hash = "sha256:56fb02ead529cee00d415c3e007f75e0780c655909aaa8e8bf616ee09c9feb1f"},
]

[[package]]
name = "typing-extensions"
version = "4.14.0"
description = "Backported and Experimental Type Hints for Python 3.9+"
optional = false
python-versions = ">=3.9"
groups = ["main"]
files = [
    {file = "typing_extensions-4.14.0-py3-none-any.whl", hash = "sha256:a1514509136dd0b477638fc68d6a91497af5076466ad0fa6c338e44e359944af"},
    {file = "typing_extensions-4.14.0.tar.gz", hash = "sha256:8676b788e32f02ab42d9e7c61324048ae4c6d844a399eebace3d4979d75ceef4"},
]

[metadata]
lock-version = "2.1"
python-versions = ">=3.12"
content-hash = "5773747c9612a7a8190f6b298bb18ab09f111c70c5939f8d5ffa159b9966c171"
